// !$*UTF8*$!
{
	archiveVersion = 1;
	classes = {
	};
	objectVersion = 46;
	objects = {

/* Begin PBXBuildFile section */
		14557CC22105F0AB0056859F /* main.m in Sources */ = {isa = PBXBuildFile; fileRef = 14557CC12105F0AB0056859F /* main.m */; };
		14557CDB2105F0AC0056859F /* Rawabi_Smart_CityTests.m in Sources */ = {isa = PBXBuildFile; fileRef = 14557CDA2105F0AC0056859F /* Rawabi_Smart_CityTests.m */; };
		14557CE62105F0AC0056859F /* Rawabi_Smart_CityUITests.m in Sources */ = {isa = PBXBuildFile; fileRef = 14557CE52105F0AC0056859F /* Rawabi_Smart_CityUITests.m */; };
		14557D092105F1360056859F /* AppDelegate.m in Sources */ = {isa = PBXBuildFile; fileRef = 14557D022105F1360056859F /* AppDelegate.m */; };
		14557D0A2105F1360056859F /* ViewController.m in Sources */ = {isa = PBXBuildFile; fileRef = 14557D042105F1360056859F /* ViewController.m */; };
		14557D0B2105F1360056859F /* Main.storyboard in Resources */ = {isa = PBXBuildFile; fileRef = 14557D052105F1360056859F /* Main.storyboard */; };
		14557D0C2105F1360056859F /* Assets.xcassets in Resources */ = {isa = PBXBuildFile; fileRef = 14557D062105F1360056859F /* Assets.xcassets */; };
		14557D0D2105F1360056859F /* LaunchScreen.storyboard in Resources */ = {isa = PBXBuildFile; fileRef = 14557D072105F1360056859F /* LaunchScreen.storyboard */; };
		14557D0E2105F1360056859F /* Info.plist in Resources */ = {isa = PBXBuildFile; fileRef = 14557D082105F1360056859F /* Info.plist */; };
		14557D142105F16D0056859F /* welcomePageViewController.m in Sources */ = {isa = PBXBuildFile; fileRef = 14557D112105F16D0056859F /* welcomePageViewController.m */; };
		14557D152105F16D0056859F /* contentViewController.m in Sources */ = {isa = PBXBuildFile; fileRef = 14557D132105F16D0056859F /* contentViewController.m */; };
		14557D192105F1A70056859F /* SignInViewController.m in Sources */ = {isa = PBXBuildFile; fileRef = 14557D182105F1A70056859F /* SignInViewController.m */; };
		14557D1D2105F1BB0056859F /* SignUpViewController.m in Sources */ = {isa = PBXBuildFile; fileRef = 14557D1C2105F1BB0056859F /* SignUpViewController.m */; };
		14557D3C2105F22C0056859F /* DLRadioButton.m in Sources */ = {isa = PBXBuildFile; fileRef = 14557D3B2105F22C0056859F /* DLRadioButton.m */; };
		14557D3F2105F2350056859F /* PSProfileStepper.m in Sources */ = {isa = PBXBuildFile; fileRef = 14557D3E2105F2350056859F /* PSProfileStepper.m */; };
		14557D432105F25F0056859F /* ACFloatingTextField.m in Sources */ = {isa = PBXBuildFile; fileRef = 14557D422105F25F0056859F /* ACFloatingTextField.m */; };
		14557D452105F28D0056859F /* uiStrings.strings in Resources */ = {isa = PBXBuildFile; fileRef = 14557D442105F28D0056859F /* uiStrings.strings */; };
		1492D9782106FF150008E546 /* personalDetailsView.xib in Resources */ = {isa = PBXBuildFile; fileRef = 1492D9772106FF150008E546 /* personalDetailsView.xib */; };
		1492D97B2106FF290008E546 /* personalDetails.m in Sources */ = {isa = PBXBuildFile; fileRef = 1492D97A2106FF290008E546 /* personalDetails.m */; };
		1492D97D210701770008E546 /* employeeDetailsView.xib in Resources */ = {isa = PBXBuildFile; fileRef = 1492D97C210701770008E546 /* employeeDetailsView.xib */; };
		1492D9832107052A0008E546 /* employeeDetails.m in Sources */ = {isa = PBXBuildFile; fileRef = 1492D9822107052A0008E546 /* employeeDetails.m */; };
		1492D985210706A50008E546 /* residencyDetailsView.xib in Resources */ = {isa = PBXBuildFile; fileRef = 1492D984210706A50008E546 /* residencyDetailsView.xib */; };
		1492D988210706BC0008E546 /* residencyDetails.m in Sources */ = {isa = PBXBuildFile; fileRef = 1492D987210706BC0008E546 /* residencyDetails.m */; };
		14F85BD7210857DB00A5F766 /* KPDropMenu.m in Sources */ = {isa = PBXBuildFile; fileRef = 14F85BD5210857DB00A5F766 /* KPDropMenu.m */; };
/* End PBXBuildFile section */

/* Begin PBXContainerItemProxy section */
		14557CD72105F0AC0056859F /* PBXContainerItemProxy */ = {
			isa = PBXContainerItemProxy;
			containerPortal = 14557CB52105F0AB0056859F /* Project object */;
			proxyType = 1;
			remoteGlobalIDString = 14557CBC2105F0AB0056859F;
			remoteInfo = "Rawabi Smart City";
		};
		14557CE22105F0AC0056859F /* PBXContainerItemProxy */ = {
			isa = PBXContainerItemProxy;
			containerPortal = 14557CB52105F0AB0056859F /* Project object */;
			proxyType = 1;
			remoteGlobalIDString = 14557CBC2105F0AB0056859F;
			remoteInfo = "Rawabi Smart City";
		};
/* End PBXContainerItemProxy section */

/* Begin PBXFileReference section */
		14557CBD2105F0AB0056859F /* Rawabi Smart City.app */ = {isa = PBXFileReference; explicitFileType = wrapper.application; includeInIndex = 0; path = "Rawabi Smart City.app"; sourceTree = BUILT_PRODUCTS_DIR; };
		14557CC12105F0AB0056859F /* main.m */ = {isa = PBXFileReference; lastKnownFileType = sourcecode.c.objc; path = main.m; sourceTree = "<group>"; };
		14557CD62105F0AC0056859F /* Rawabi Smart CityTests.xctest */ = {isa = PBXFileReference; explicitFileType = wrapper.cfbundle; includeInIndex = 0; path = "Rawabi Smart CityTests.xctest"; sourceTree = BUILT_PRODUCTS_DIR; };
		14557CDA2105F0AC0056859F /* Rawabi_Smart_CityTests.m */ = {isa = PBXFileReference; lastKnownFileType = sourcecode.c.objc; path = Rawabi_Smart_CityTests.m; sourceTree = "<group>"; };
		14557CDC2105F0AC0056859F /* Info.plist */ = {isa = PBXFileReference; lastKnownFileType = text.plist.xml; path = Info.plist; sourceTree = "<group>"; };
		14557CE12105F0AC0056859F /* Rawabi Smart CityUITests.xctest */ = {isa = PBXFileReference; explicitFileType = wrapper.cfbundle; includeInIndex = 0; path = "Rawabi Smart CityUITests.xctest"; sourceTree = BUILT_PRODUCTS_DIR; };
		14557CE52105F0AC0056859F /* Rawabi_Smart_CityUITests.m */ = {isa = PBXFileReference; lastKnownFileType = sourcecode.c.objc; path = Rawabi_Smart_CityUITests.m; sourceTree = "<group>"; };
		14557CE72105F0AC0056859F /* Info.plist */ = {isa = PBXFileReference; lastKnownFileType = text.plist.xml; path = Info.plist; sourceTree = "<group>"; };
		14557D012105F1360056859F /* AppDelegate.h */ = {isa = PBXFileReference; fileEncoding = 4; lastKnownFileType = sourcecode.c.h; path = AppDelegate.h; sourceTree = "<group>"; };
		14557D022105F1360056859F /* AppDelegate.m */ = {isa = PBXFileReference; fileEncoding = 4; lastKnownFileType = sourcecode.c.objc; path = AppDelegate.m; sourceTree = "<group>"; };
		14557D032105F1360056859F /* ViewController.h */ = {isa = PBXFileReference; fileEncoding = 4; lastKnownFileType = sourcecode.c.h; path = ViewController.h; sourceTree = "<group>"; };
		14557D042105F1360056859F /* ViewController.m */ = {isa = PBXFileReference; fileEncoding = 4; lastKnownFileType = sourcecode.c.objc; path = ViewController.m; sourceTree = "<group>"; };
		14557D052105F1360056859F /* Main.storyboard */ = {isa = PBXFileReference; fileEncoding = 4; lastKnownFileType = file.storyboard; path = Main.storyboard; sourceTree = "<group>"; };
		14557D062105F1360056859F /* Assets.xcassets */ = {isa = PBXFileReference; lastKnownFileType = folder.assetcatalog; path = Assets.xcassets; sourceTree = "<group>"; };
		14557D072105F1360056859F /* LaunchScreen.storyboard */ = {isa = PBXFileReference; fileEncoding = 4; lastKnownFileType = file.storyboard; path = LaunchScreen.storyboard; sourceTree = "<group>"; };
		14557D082105F1360056859F /* Info.plist */ = {isa = PBXFileReference; fileEncoding = 4; lastKnownFileType = text.plist.xml; path = Info.plist; sourceTree = "<group>"; };
		14557D102105F16D0056859F /* welcomePageViewController.h */ = {isa = PBXFileReference; fileEncoding = 4; lastKnownFileType = sourcecode.c.h; path = welcomePageViewController.h; sourceTree = "<group>"; };
		14557D112105F16D0056859F /* welcomePageViewController.m */ = {isa = PBXFileReference; fileEncoding = 4; lastKnownFileType = sourcecode.c.objc; path = welcomePageViewController.m; sourceTree = "<group>"; };
		14557D122105F16D0056859F /* contentViewController.h */ = {isa = PBXFileReference; fileEncoding = 4; lastKnownFileType = sourcecode.c.h; path = contentViewController.h; sourceTree = "<group>"; };
		14557D132105F16D0056859F /* contentViewController.m */ = {isa = PBXFileReference; fileEncoding = 4; lastKnownFileType = sourcecode.c.objc; path = contentViewController.m; sourceTree = "<group>"; };
		14557D172105F1A70056859F /* SignInViewController.h */ = {isa = PBXFileReference; fileEncoding = 4; lastKnownFileType = sourcecode.c.h; path = SignInViewController.h; sourceTree = "<group>"; };
		14557D182105F1A70056859F /* SignInViewController.m */ = {isa = PBXFileReference; fileEncoding = 4; lastKnownFileType = sourcecode.c.objc; path = SignInViewController.m; sourceTree = "<group>"; };
		14557D1B2105F1BB0056859F /* SignUpViewController.h */ = {isa = PBXFileReference; fileEncoding = 4; lastKnownFileType = sourcecode.c.h; path = SignUpViewController.h; sourceTree = "<group>"; };
		14557D1C2105F1BB0056859F /* SignUpViewController.m */ = {isa = PBXFileReference; fileEncoding = 4; lastKnownFileType = sourcecode.c.objc; path = SignUpViewController.m; sourceTree = "<group>"; };
		14557D3A2105F22C0056859F /* DLRadioButton.h */ = {isa = PBXFileReference; fileEncoding = 4; lastKnownFileType = sourcecode.c.h; path = DLRadioButton.h; sourceTree = "<group>"; };
		14557D3B2105F22C0056859F /* DLRadioButton.m */ = {isa = PBXFileReference; fileEncoding = 4; lastKnownFileType = sourcecode.c.objc; path = DLRadioButton.m; sourceTree = "<group>"; };
		14557D3D2105F2350056859F /* PSProfileStepper.h */ = {isa = PBXFileReference; fileEncoding = 4; lastKnownFileType = sourcecode.c.h; path = PSProfileStepper.h; sourceTree = "<group>"; };
		14557D3E2105F2350056859F /* PSProfileStepper.m */ = {isa = PBXFileReference; fileEncoding = 4; lastKnownFileType = sourcecode.c.objc; path = PSProfileStepper.m; sourceTree = "<group>"; };
		14557D412105F25F0056859F /* ACFloatingTextField.h */ = {isa = PBXFileReference; fileEncoding = 4; lastKnownFileType = sourcecode.c.h; path = ACFloatingTextField.h; sourceTree = "<group>"; };
		14557D422105F25F0056859F /* ACFloatingTextField.m */ = {isa = PBXFileReference; fileEncoding = 4; lastKnownFileType = sourcecode.c.objc; path = ACFloatingTextField.m; sourceTree = "<group>"; };
		14557D442105F28D0056859F /* uiStrings.strings */ = {isa = PBXFileReference; fileEncoding = 4; lastKnownFileType = text.plist.strings; path = uiStrings.strings; sourceTree = "<group>"; };
		14557D482105F2C30056859F /* Blackletter Buffoonery.otf */ = {isa = PBXFileReference; lastKnownFileType = file; path = "Blackletter Buffoonery.otf"; sourceTree = "<group>"; };
		14557D492105F2C30056859F /* blackpool_gothic_nbp.ttf */ = {isa = PBXFileReference; lastKnownFileType = file; path = blackpool_gothic_nbp.ttf; sourceTree = "<group>"; };
		1492D9772106FF150008E546 /* personalDetailsView.xib */ = {isa = PBXFileReference; fileEncoding = 4; lastKnownFileType = file.xib; path = personalDetailsView.xib; sourceTree = "<group>"; };
		1492D9792106FF290008E546 /* personalDetails.h */ = {isa = PBXFileReference; fileEncoding = 4; lastKnownFileType = sourcecode.c.h; path = personalDetails.h; sourceTree = "<group>"; };
		1492D97A2106FF290008E546 /* personalDetails.m */ = {isa = PBXFileReference; fileEncoding = 4; lastKnownFileType = sourcecode.c.objc; path = personalDetails.m; sourceTree = "<group>"; };
		1492D97C210701770008E546 /* employeeDetailsView.xib */ = {isa = PBXFileReference; fileEncoding = 4; lastKnownFileType = file.xib; path = employeeDetailsView.xib; sourceTree = "<group>"; };
		1492D9812107052A0008E546 /* employeeDetails.h */ = {isa = PBXFileReference; fileEncoding = 4; lastKnownFileType = sourcecode.c.h; path = employeeDetails.h; sourceTree = "<group>"; };
		1492D9822107052A0008E546 /* employeeDetails.m */ = {isa = PBXFileReference; fileEncoding = 4; lastKnownFileType = sourcecode.c.objc; path = employeeDetails.m; sourceTree = "<group>"; };
		1492D984210706A50008E546 /* residencyDetailsView.xib */ = {isa = PBXFileReference; fileEncoding = 4; lastKnownFileType = file.xib; path = residencyDetailsView.xib; sourceTree = "<group>"; };
		1492D986210706BC0008E546 /* residencyDetails.h */ = {isa = PBXFileReference; fileEncoding = 4; lastKnownFileType = sourcecode.c.h; path = residencyDetails.h; sourceTree = "<group>"; };
		1492D987210706BC0008E546 /* residencyDetails.m */ = {isa = PBXFileReference; fileEncoding = 4; lastKnownFileType = sourcecode.c.objc; path = residencyDetails.m; sourceTree = "<group>"; };
		14F85BD5210857DB00A5F766 /* KPDropMenu.m */ = {isa = PBXFileReference; fileEncoding = 4; lastKnownFileType = sourcecode.c.objc; path = KPDropMenu.m; sourceTree = "<group>"; };
		14F85BD6210857DB00A5F766 /* KPDropMenu.h */ = {isa = PBXFileReference; fileEncoding = 4; lastKnownFileType = sourcecode.c.h; path = KPDropMenu.h; sourceTree = "<group>"; };
/* End PBXFileReference section */

/* Begin PBXFrameworksBuildPhase section */
		14557CBA2105F0AB0056859F /* Frameworks */ = {
			isa = PBXFrameworksBuildPhase;
			buildActionMask = 2147483647;
			files = (
			);
			runOnlyForDeploymentPostprocessing = 0;
		};
		14557CD32105F0AC0056859F /* Frameworks */ = {
			isa = PBXFrameworksBuildPhase;
			buildActionMask = 2147483647;
			files = (
			);
			runOnlyForDeploymentPostprocessing = 0;
		};
		14557CDE2105F0AC0056859F /* Frameworks */ = {
			isa = PBXFrameworksBuildPhase;
			buildActionMask = 2147483647;
			files = (
			);
			runOnlyForDeploymentPostprocessing = 0;
		};
/* End PBXFrameworksBuildPhase section */

/* Begin PBXGroup section */
		14557CB42105F0AB0056859F = {
			isa = PBXGroup;
			children = (
				14557CBF2105F0AB0056859F /* Rawabi Smart City */,
				14557CD92105F0AC0056859F /* Rawabi Smart CityTests */,
				14557CE42105F0AC0056859F /* Rawabi Smart CityUITests */,
				14557CBE2105F0AB0056859F /* Products */,
			);
			sourceTree = "<group>";
		};
		14557CBE2105F0AB0056859F /* Products */ = {
			isa = PBXGroup;
			children = (
				14557CBD2105F0AB0056859F /* Rawabi Smart City.app */,
				14557CD62105F0AC0056859F /* Rawabi Smart CityTests.xctest */,
				14557CE12105F0AC0056859F /* Rawabi Smart CityUITests.xctest */,
			);
			name = Products;
			sourceTree = "<group>";
		};
		14557CBF2105F0AB0056859F /* Rawabi Smart City */ = {
			isa = PBXGroup;
			children = (
				14557D4A2105F2DE0056859F /* KDropDownMenu */,
				14557D402105F23B0056859F /* ACFloatingTextField */,
				14557D392105F21B0056859F /* PSProfileStepper */,
				14557D382105F20E0056859F /* DLRadio Button */,
				14557D1E2105F1CF0056859F /* Custom Views */,
				14557D1A2105F1AC0056859F /* SignUp */,
				14557D162105F1900056859F /* SignIn */,
				14557D0F2105F14E0056859F /* welcomePage */,
				14557D012105F1360056859F /* AppDelegate.h */,
				14557D022105F1360056859F /* AppDelegate.m */,
				14557D032105F1360056859F /* ViewController.h */,
				14557D042105F1360056859F /* ViewController.m */,
				14557D052105F1360056859F /* Main.storyboard */,
				14557D062105F1360056859F /* Assets.xcassets */,
				14557D072105F1360056859F /* LaunchScreen.storyboard */,
				14557D082105F1360056859F /* Info.plist */,
				14557D472105F2B30056859F /* App Fonts */,
				14557CC02105F0AB0056859F /* Supporting Files */,
				14557D442105F28D0056859F /* uiStrings.strings */,
			);
			path = "Rawabi Smart City";
			sourceTree = "<group>";
		};
		14557CC02105F0AB0056859F /* Supporting Files */ = {
			isa = PBXGroup;
			children = (
				14557CC12105F0AB0056859F /* main.m */,
			);
			name = "Supporting Files";
			sourceTree = "<group>";
		};
		14557CD92105F0AC0056859F /* Rawabi Smart CityTests */ = {
			isa = PBXGroup;
			children = (
				14557CDA2105F0AC0056859F /* Rawabi_Smart_CityTests.m */,
				14557CDC2105F0AC0056859F /* Info.plist */,
			);
			path = "Rawabi Smart CityTests";
			sourceTree = "<group>";
		};
		14557CE42105F0AC0056859F /* Rawabi Smart CityUITests */ = {
			isa = PBXGroup;
			children = (
				14557CE52105F0AC0056859F /* Rawabi_Smart_CityUITests.m */,
				14557CE72105F0AC0056859F /* Info.plist */,
			);
			path = "Rawabi Smart CityUITests";
			sourceTree = "<group>";
		};
		14557D0F2105F14E0056859F /* welcomePage */ = {
			isa = PBXGroup;
			children = (
				14557D102105F16D0056859F /* welcomePageViewController.h */,
				14557D112105F16D0056859F /* welcomePageViewController.m */,
				14557D122105F16D0056859F /* contentViewController.h */,
				14557D132105F16D0056859F /* contentViewController.m */,
			);
			name = welcomePage;
			sourceTree = "<group>";
		};
		14557D162105F1900056859F /* SignIn */ = {
			isa = PBXGroup;
			children = (
				14557D172105F1A70056859F /* SignInViewController.h */,
				14557D182105F1A70056859F /* SignInViewController.m */,
			);
			name = SignIn;
			sourceTree = "<group>";
		};
		14557D1A2105F1AC0056859F /* SignUp */ = {
			isa = PBXGroup;
			children = (
				14557D1B2105F1BB0056859F /* SignUpViewController.h */,
				14557D1C2105F1BB0056859F /* SignUpViewController.m */,
			);
			name = SignUp;
			sourceTree = "<group>";
		};
		14557D1E2105F1CF0056859F /* Custom Views */ = {
			isa = PBXGroup;
			children = (
				1492D9772106FF150008E546 /* personalDetailsView.xib */,
				1492D9792106FF290008E546 /* personalDetails.h */,
				1492D97A2106FF290008E546 /* personalDetails.m */,
				1492D97C210701770008E546 /* employeeDetailsView.xib */,
				1492D9812107052A0008E546 /* employeeDetails.h */,
				1492D9822107052A0008E546 /* employeeDetails.m */,
				1492D984210706A50008E546 /* residencyDetailsView.xib */,
				1492D986210706BC0008E546 /* residencyDetails.h */,
				1492D987210706BC0008E546 /* residencyDetails.m */,
			);
			name = "Custom Views";
			sourceTree = "<group>";
		};
		14557D382105F20E0056859F /* DLRadio Button */ = {
			isa = PBXGroup;
			children = (
				14557D3A2105F22C0056859F /* DLRadioButton.h */,
				14557D3B2105F22C0056859F /* DLRadioButton.m */,
			);
			name = "DLRadio Button";
			sourceTree = "<group>";
		};
		14557D392105F21B0056859F /* PSProfileStepper */ = {
			isa = PBXGroup;
			children = (
				14557D3D2105F2350056859F /* PSProfileStepper.h */,
				14557D3E2105F2350056859F /* PSProfileStepper.m */,
			);
			name = PSProfileStepper;
			sourceTree = "<group>";
		};
		14557D402105F23B0056859F /* ACFloatingTextField */ = {
			isa = PBXGroup;
			children = (
				14557D412105F25F0056859F /* ACFloatingTextField.h */,
				14557D422105F25F0056859F /* ACFloatingTextField.m */,
			);
			name = ACFloatingTextField;
			sourceTree = "<group>";
		};
		14557D472105F2B30056859F /* App Fonts */ = {
			isa = PBXGroup;
			children = (
				14557D482105F2C30056859F /* Blackletter Buffoonery.otf */,
				14557D492105F2C30056859F /* blackpool_gothic_nbp.ttf */,
			);
			name = "App Fonts";
			sourceTree = "<group>";
		};
		14557D4A2105F2DE0056859F /* KDropDownMenu */ = {
			isa = PBXGroup;
			children = (
				14F85BD6210857DB00A5F766 /* KPDropMenu.h */,
				14F85BD5210857DB00A5F766 /* KPDropMenu.m */,
			);
			name = KDropDownMenu;
			sourceTree = "<group>";
		};
/* End PBXGroup section */

/* Begin PBXNativeTarget section */
		14557CBC2105F0AB0056859F /* Rawabi Smart City */ = {
			isa = PBXNativeTarget;
			buildConfigurationList = 14557CEA2105F0AC0056859F /* Build configuration list for PBXNativeTarget "Rawabi Smart City" */;
			buildPhases = (
				14557CB92105F0AB0056859F /* Sources */,
				14557CBA2105F0AB0056859F /* Frameworks */,
				14557CBB2105F0AB0056859F /* Resources */,
			);
			buildRules = (
			);
			dependencies = (
			);
			name = "Rawabi Smart City";
			productName = "Rawabi Smart City";
			productReference = 14557CBD2105F0AB0056859F /* Rawabi Smart City.app */;
			productType = "com.apple.product-type.application";
		};
		14557CD52105F0AC0056859F /* Rawabi Smart CityTests */ = {
			isa = PBXNativeTarget;
			buildConfigurationList = 14557CED2105F0AC0056859F /* Build configuration list for PBXNativeTarget "Rawabi Smart CityTests" */;
			buildPhases = (
				14557CD22105F0AC0056859F /* Sources */,
				14557CD32105F0AC0056859F /* Frameworks */,
				14557CD42105F0AC0056859F /* Resources */,
			);
			buildRules = (
			);
			dependencies = (
				14557CD82105F0AC0056859F /* PBXTargetDependency */,
			);
			name = "Rawabi Smart CityTests";
			productName = "Rawabi Smart CityTests";
			productReference = 14557CD62105F0AC0056859F /* Rawabi Smart CityTests.xctest */;
			productType = "com.apple.product-type.bundle.unit-test";
		};
		14557CE02105F0AC0056859F /* Rawabi Smart CityUITests */ = {
			isa = PBXNativeTarget;
			buildConfigurationList = 14557CF02105F0AC0056859F /* Build configuration list for PBXNativeTarget "Rawabi Smart CityUITests" */;
			buildPhases = (
				14557CDD2105F0AC0056859F /* Sources */,
				14557CDE2105F0AC0056859F /* Frameworks */,
				14557CDF2105F0AC0056859F /* Resources */,
			);
			buildRules = (
			);
			dependencies = (
				14557CE32105F0AC0056859F /* PBXTargetDependency */,
			);
			name = "Rawabi Smart CityUITests";
			productName = "Rawabi Smart CityUITests";
			productReference = 14557CE12105F0AC0056859F /* Rawabi Smart CityUITests.xctest */;
			productType = "com.apple.product-type.bundle.ui-testing";
		};
/* End PBXNativeTarget section */

/* Begin PBXProject section */
		14557CB52105F0AB0056859F /* Project object */ = {
			isa = PBXProject;
			attributes = {
				LastUpgradeCheck = 0800;
				ORGANIZATIONNAME = asal;
				TargetAttributes = {
					14557CBC2105F0AB0056859F = {
						CreatedOnToolsVersion = 8.0;
						ProvisioningStyle = Automatic;
					};
					14557CD52105F0AC0056859F = {
						CreatedOnToolsVersion = 8.0;
						ProvisioningStyle = Automatic;
						TestTargetID = 14557CBC2105F0AB0056859F;
					};
					14557CE02105F0AC0056859F = {
						CreatedOnToolsVersion = 8.0;
						ProvisioningStyle = Automatic;
						TestTargetID = 14557CBC2105F0AB0056859F;
					};
				};
			};
			buildConfigurationList = 14557CB82105F0AB0056859F /* Build configuration list for PBXProject "Rawabi Smart City" */;
			compatibilityVersion = "Xcode 3.2";
			developmentRegion = English;
			hasScannedForEncodings = 0;
			knownRegions = (
				en,
				Base,
			);
			mainGroup = 14557CB42105F0AB0056859F;
			productRefGroup = 14557CBE2105F0AB0056859F /* Products */;
			projectDirPath = "";
			projectRoot = "";
			targets = (
				14557CBC2105F0AB0056859F /* Rawabi Smart City */,
				14557CD52105F0AC0056859F /* Rawabi Smart CityTests */,
				14557CE02105F0AC0056859F /* Rawabi Smart CityUITests */,
			);
		};
/* End PBXProject section */

/* Begin PBXResourcesBuildPhase section */
		14557CBB2105F0AB0056859F /* Resources */ = {
			isa = PBXResourcesBuildPhase;
			buildActionMask = 2147483647;
			files = (
				14557D0E2105F1360056859F /* Info.plist in Resources */,
				1492D97D210701770008E546 /* employeeDetailsView.xib in Resources */,
				1492D9782106FF150008E546 /* personalDetailsView.xib in Resources */,
				14557D452105F28D0056859F /* uiStrings.strings in Resources */,
				1492D985210706A50008E546 /* residencyDetailsView.xib in Resources */,
				14557D0D2105F1360056859F /* LaunchScreen.storyboard in Resources */,
				14557D0C2105F1360056859F /* Assets.xcassets in Resources */,
				14557D0B2105F1360056859F /* Main.storyboard in Resources */,
			);
			runOnlyForDeploymentPostprocessing = 0;
		};
		14557CD42105F0AC0056859F /* Resources */ = {
			isa = PBXResourcesBuildPhase;
			buildActionMask = 2147483647;
			files = (
			);
			runOnlyForDeploymentPostprocessing = 0;
		};
		14557CDF2105F0AC0056859F /* Resources */ = {
			isa = PBXResourcesBuildPhase;
			buildActionMask = 2147483647;
			files = (
			);
			runOnlyForDeploymentPostprocessing = 0;
		};
/* End PBXResourcesBuildPhase section */

/* Begin PBXSourcesBuildPhase section */
		14557CB92105F0AB0056859F /* Sources */ = {
			isa = PBXSourcesBuildPhase;
			buildActionMask = 2147483647;
			files = (
				14557D0A2105F1360056859F /* ViewController.m in Sources */,
				14557D092105F1360056859F /* AppDelegate.m in Sources */,
				14557D142105F16D0056859F /* welcomePageViewController.m in Sources */,
				14557D3F2105F2350056859F /* PSProfileStepper.m in Sources */,
				1492D97B2106FF290008E546 /* personalDetails.m in Sources */,
				14557CC22105F0AB0056859F /* main.m in Sources */,
				14F85BD7210857DB00A5F766 /* KPDropMenu.m in Sources */,
				14557D192105F1A70056859F /* SignInViewController.m in Sources */,
				1492D988210706BC0008E546 /* residencyDetails.m in Sources */,
				1492D9832107052A0008E546 /* employeeDetails.m in Sources */,
				14557D3C2105F22C0056859F /* DLRadioButton.m in Sources */,
				14557D1D2105F1BB0056859F /* SignUpViewController.m in Sources */,
				14557D432105F25F0056859F /* ACFloatingTextField.m in Sources */,
				14557D152105F16D0056859F /* contentViewController.m in Sources */,
			);
			runOnlyForDeploymentPostprocessing = 0;
		};
		14557CD22105F0AC0056859F /* Sources */ = {
			isa = PBXSourcesBuildPhase;
			buildActionMask = 2147483647;
			files = (
				14557CDB2105F0AC0056859F /* Rawabi_Smart_CityTests.m in Sources */,
			);
			runOnlyForDeploymentPostprocessing = 0;
		};
		14557CDD2105F0AC0056859F /* Sources */ = {
			isa = PBXSourcesBuildPhase;
			buildActionMask = 2147483647;
			files = (
				14557CE62105F0AC0056859F /* Rawabi_Smart_CityUITests.m in Sources */,
			);
			runOnlyForDeploymentPostprocessing = 0;
		};
/* End PBXSourcesBuildPhase section */

/* Begin PBXTargetDependency section */
		14557CD82105F0AC0056859F /* PBXTargetDependency */ = {
			isa = PBXTargetDependency;
			target = 14557CBC2105F0AB0056859F /* Rawabi Smart City */;
			targetProxy = 14557CD72105F0AC0056859F /* PBXContainerItemProxy */;
		};
		14557CE32105F0AC0056859F /* PBXTargetDependency */ = {
			isa = PBXTargetDependency;
			target = 14557CBC2105F0AB0056859F /* Rawabi Smart City */;
			targetProxy = 14557CE22105F0AC0056859F /* PBXContainerItemProxy */;
		};
/* End PBXTargetDependency section */

/* Begin XCBuildConfiguration section */
		14557CE82105F0AC0056859F /* Debug */ = {
			isa = XCBuildConfiguration;
			buildSettings = {
				ALWAYS_SEARCH_USER_PATHS = NO;
				CLANG_ANALYZER_NONNULL = YES;
				CLANG_CXX_LANGUAGE_STANDARD = "gnu++0x";
				CLANG_CXX_LIBRARY = "libc++";
				CLANG_ENABLE_MODULES = YES;
				CLANG_ENABLE_OBJC_ARC = YES;
				CLANG_WARN_BOOL_CONVERSION = YES;
				CLANG_WARN_CONSTANT_CONVERSION = YES;
				CLANG_WARN_DIRECT_OBJC_ISA_USAGE = YES_ERROR;
				CLANG_WARN_DOCUMENTATION_COMMENTS = YES;
				CLANG_WARN_EMPTY_BODY = YES;
				CLANG_WARN_ENUM_CONVERSION = YES;
				CLANG_WARN_INFINITE_RECURSION = YES;
				CLANG_WARN_INT_CONVERSION = YES;
				CLANG_WARN_OBJC_ROOT_CLASS = YES_ERROR;
				CLANG_WARN_SUSPICIOUS_MOVES = YES;
				CLANG_WARN_UNREACHABLE_CODE = YES;
				CLANG_WARN__DUPLICATE_METHOD_MATCH = YES;
				"CODE_SIGN_IDENTITY[sdk=iphoneos*]" = "iPhone Developer";
				COPY_PHASE_STRIP = NO;
				DEBUG_INFORMATION_FORMAT = dwarf;
				ENABLE_STRICT_OBJC_MSGSEND = YES;
				ENABLE_TESTABILITY = YES;
				GCC_C_LANGUAGE_STANDARD = gnu99;
				GCC_DYNAMIC_NO_PIC = NO;
				GCC_NO_COMMON_BLOCKS = YES;
				GCC_OPTIMIZATION_LEVEL = 0;
				GCC_PREPROCESSOR_DEFINITIONS = (
					"DEBUG=1",
					"$(inherited)",
				);
				GCC_WARN_64_TO_32_BIT_CONVERSION = YES;
				GCC_WARN_ABOUT_RETURN_TYPE = YES_ERROR;
				GCC_WARN_UNDECLARED_SELECTOR = YES;
				GCC_WARN_UNINITIALIZED_AUTOS = YES_AGGRESSIVE;
				GCC_WARN_UNUSED_FUNCTION = YES;
				GCC_WARN_UNUSED_VARIABLE = YES;
				IPHONEOS_DEPLOYMENT_TARGET = 10.0;
				MTL_ENABLE_DEBUG_INFO = YES;
				ONLY_ACTIVE_ARCH = YES;
				SDKROOT = iphoneos;
				TARGETED_DEVICE_FAMILY = "1,2";
			};
			name = Debug;
		};
		14557CE92105F0AC0056859F /* Release */ = {
			isa = XCBuildConfiguration;
			buildSettings = {
				ALWAYS_SEARCH_USER_PATHS = NO;
				CLANG_ANALYZER_NONNULL = YES;
				CLANG_CXX_LANGUAGE_STANDARD = "gnu++0x";
				CLANG_CXX_LIBRARY = "libc++";
				CLANG_ENABLE_MODULES = YES;
				CLANG_ENABLE_OBJC_ARC = YES;
				CLANG_WARN_BOOL_CONVERSION = YES;
				CLANG_WARN_CONSTANT_CONVERSION = YES;
				CLANG_WARN_DIRECT_OBJC_ISA_USAGE = YES_ERROR;
				CLANG_WARN_DOCUMENTATION_COMMENTS = YES;
				CLANG_WARN_EMPTY_BODY = YES;
				CLANG_WARN_ENUM_CONVERSION = YES;
				CLANG_WARN_INFINITE_RECURSION = YES;
				CLANG_WARN_INT_CONVERSION = YES;
				CLANG_WARN_OBJC_ROOT_CLASS = YES_ERROR;
				CLANG_WARN_SUSPICIOUS_MOVES = YES;
				CLANG_WARN_UNREACHABLE_CODE = YES;
				CLANG_WARN__DUPLICATE_METHOD_MATCH = YES;
				"CODE_SIGN_IDENTITY[sdk=iphoneos*]" = "iPhone Developer";
				COPY_PHASE_STRIP = NO;
				DEBUG_INFORMATION_FORMAT = "dwarf-with-dsym";
				ENABLE_NS_ASSERTIONS = NO;
				ENABLE_STRICT_OBJC_MSGSEND = YES;
				GCC_C_LANGUAGE_STANDARD = gnu99;
				GCC_NO_COMMON_BLOCKS = YES;
				GCC_WARN_64_TO_32_BIT_CONVERSION = YES;
				GCC_WARN_ABOUT_RETURN_TYPE = YES_ERROR;
				GCC_WARN_UNDECLARED_SELECTOR = YES;
				GCC_WARN_UNINITIALIZED_AUTOS = YES_AGGRESSIVE;
				GCC_WARN_UNUSED_FUNCTION = YES;
				GCC_WARN_UNUSED_VARIABLE = YES;
				IPHONEOS_DEPLOYMENT_TARGET = 10.0;
				MTL_ENABLE_DEBUG_INFO = NO;
				SDKROOT = iphoneos;
				TARGETED_DEVICE_FAMILY = "1,2";
				VALIDATE_PRODUCT = YES;
			};
			name = Release;
		};
		14557CEB2105F0AC0056859F /* Debug */ = {
			isa = XCBuildConfiguration;
			buildSettings = {
				ASSETCATALOG_COMPILER_APPICON_NAME = AppIcon;
				INFOPLIST_FILE = "Rawabi Smart City/Info.plist";
				LD_RUNPATH_SEARCH_PATHS = "$(inherited) @executable_path/Frameworks";
				PRODUCT_BUNDLE_IDENTIFIER = "asal.Rawabi-Smart-City";
				PRODUCT_NAME = "$(TARGET_NAME)";
			};
			name = Debug;
		};
		14557CEC2105F0AC0056859F /* Release */ = {
			isa = XCBuildConfiguration;
			buildSettings = {
				ASSETCATALOG_COMPILER_APPICON_NAME = AppIcon;
				INFOPLIST_FILE = "Rawabi Smart City/Info.plist";
				LD_RUNPATH_SEARCH_PATHS = "$(inherited) @executable_path/Frameworks";
				PRODUCT_BUNDLE_IDENTIFIER = "asal.Rawabi-Smart-City";
				PRODUCT_NAME = "$(TARGET_NAME)";
			};
			name = Release;
		};
		14557CEE2105F0AC0056859F /* Debug */ = {
			isa = XCBuildConfiguration;
			buildSettings = {
				BUNDLE_LOADER = "$(TEST_HOST)";
				INFOPLIST_FILE = "Rawabi Smart CityTests/Info.plist";
				LD_RUNPATH_SEARCH_PATHS = "$(inherited) @executable_path/Frameworks @loader_path/Frameworks";
				PRODUCT_BUNDLE_IDENTIFIER = "asal.Rawabi-Smart-CityTests";
				PRODUCT_NAME = "$(TARGET_NAME)";
				TEST_HOST = "$(BUILT_PRODUCTS_DIR)/Rawabi Smart City.app/Rawabi Smart City";
			};
			name = Debug;
		};
		14557CEF2105F0AC0056859F /* Release */ = {
			isa = XCBuildConfiguration;
			buildSettings = {
				BUNDLE_LOADER = "$(TEST_HOST)";
				INFOPLIST_FILE = "Rawabi Smart CityTests/Info.plist";
				LD_RUNPATH_SEARCH_PATHS = "$(inherited) @executable_path/Frameworks @loader_path/Frameworks";
				PRODUCT_BUNDLE_IDENTIFIER = "asal.Rawabi-Smart-CityTests";
				PRODUCT_NAME = "$(TARGET_NAME)";
				TEST_HOST = "$(BUILT_PRODUCTS_DIR)/Rawabi Smart City.app/Rawabi Smart City";
			};
			name = Release;
		};
		14557CF12105F0AC0056859F /* Debug */ = {
			isa = XCBuildConfiguration;
			buildSettings = {
				INFOPLIST_FILE = "Rawabi Smart CityUITests/Info.plist";
				LD_RUNPATH_SEARCH_PATHS = "$(inherited) @executable_path/Frameworks @loader_path/Frameworks";
				PRODUCT_BUNDLE_IDENTIFIER = "asal.Rawabi-Smart-CityUITests";
				PRODUCT_NAME = "$(TARGET_NAME)";
				TEST_TARGET_NAME = "Rawabi Smart City";
			};
			name = Debug;
		};
		14557CF22105F0AC0056859F /* Release */ = {
			isa = XCBuildConfiguration;
			buildSettings = {
				INFOPLIST_FILE = "Rawabi Smart CityUITests/Info.plist";
				LD_RUNPATH_SEARCH_PATHS = "$(inherited) @executable_path/Frameworks @loader_path/Frameworks";
				PRODUCT_BUNDLE_IDENTIFIER = "asal.Rawabi-Smart-CityUITests";
				PRODUCT_NAME = "$(TARGET_NAME)";
				TEST_TARGET_NAME = "Rawabi Smart City";
			};
			name = Release;
		};
/* End XCBuildConfiguration section */

/* Begin XCConfigurationList section */
		14557CB82105F0AB0056859F /* Build configuration list for PBXProject "Rawabi Smart City" */ = {
			isa = XCConfigurationList;
			buildConfigurations = (
				14557CE82105F0AC0056859F /* Debug */,
				14557CE92105F0AC0056859F /* Release */,
			);
			defaultConfigurationIsVisible = 0;
			defaultConfigurationName = Release;
		};
		14557CEA2105F0AC0056859F /* Build configuration list for PBXNativeTarget "Rawabi Smart City" */ = {
			isa = XCConfigurationList;
			buildConfigurations = (
				14557CEB2105F0AC0056859F /* Debug */,
				14557CEC2105F0AC0056859F /* Release */,
			);
			defaultConfigurationIsVisible = 0;
			defaultConfigurationName = Release;
		};
		14557CED2105F0AC0056859F /* Build configuration list for PBXNativeTarget "Rawabi Smart CityTests" */ = {
			isa = XCConfigurationList;
			buildConfigurations = (
				14557CEE2105F0AC0056859F /* Debug */,
				14557CEF2105F0AC0056859F /* Release */,
			);
			defaultConfigurationIsVisible = 0;
			defaultConfigurationName = Release;
		};
		14557CF02105F0AC0056859F /* Build configuration list for PBXNativeTarget "Rawabi Smart CityUITests" */ = {
			isa = XCConfigurationList;
			buildConfigurations = (
				14557CF12105F0AC0056859F /* Debug */,
				14557CF22105F0AC0056859F /* Release */,
			);
			defaultConfigurationIsVisible = 0;
			defaultConfigurationName = Release;
		};
/* End XCConfigurationList section */
	};
	rootObject = 14557CB52105F0AB0056859F /* Project object */;
}
